{
  "pins" : [
    {
      "identity" : "swift-gyb",
      "kind" : "remoteSourceControl",
      "location" : "https://github.com/swift-library/swift-gyb",
      "state" : {
        "revision" : "32a59dbfd4bca6b776490ada8ec6ccc3ad838bbd",
        "version" : "0.0.2"
      }
    }
  ],
  "version" : 2
}
